
Microsoft Visual Studio Solution File, Format Version 12.00
# Visual Studio 15
VisualStudioVersion = 15.0.28307.572
MinimumVisualStudioVersion = 10.0.40219.1
Project("{FAE04EC0-301F-11D3-BF4B-00C04F79EFBC}") = "Model", "Model\Model.csproj", "{174AE18B-C640-4D73-8247-AFFEDEEE9D6E}"
EndProject
Project("{FAE04EC0-301F-11D3-BF4B-00C04F79EFBC}") = "Buissness_Layer", "Buissness_Layer\Buissness_Layer.csproj", "{7769A3C5-FF81-48D3-8661-9D871EDCDD25}"
EndProject
Project("{FAE04EC0-301F-11D3-BF4B-00C04F79EFBC}") = "DAO_Layer", "DAO_Layer\DAO_Layer.csproj", "{D7EDDD17-F063-494D-BB93-2CAB536C5AED}"
EndProject
Project("{FAE04EC0-301F-11D3-BF4B-00C04F79EFBC}") = "UI_Layer", "UI_Layer\UI_Layer.csproj", "{DA003AA0-EC67-49E8-B9DD-19AD39B058CD}"
EndProject
Global
	GlobalSection(SolutionConfigurationPlatforms) = preSolution
		Debug|Any CPU = Debug|Any CPU
		Release|Any CPU = Release|Any CPU
	EndGlobalSection
	GlobalSection(ProjectConfigurationPlatforms) = postSolution
		{174AE18B-C640-4D73-8247-AFFEDEEE9D6E}.Debug|Any CPU.ActiveCfg = Debug|Any CPU
		{174AE18B-C640-4D73-8247-AFFEDEEE9D6E}.Debug|Any CPU.Build.0 = Debug|Any CPU
		{174AE18B-C640-4D73-8247-AFFEDEEE9D6E}.Release|Any CPU.ActiveCfg = Release|Any CPU
		{174AE18B-C640-4D73-8247-AFFEDEEE9D6E}.Release|Any CPU.Build.0 = Release|Any CPU
		{7769A3C5-FF81-48D3-8661-9D871EDCDD25}.Debug|Any CPU.ActiveCfg = Debug|Any CPU
		{7769A3C5-FF81-48D3-8661-9D871EDCDD25}.Debug|Any CPU.Build.0 = Debug|Any CPU
		{7769A3C5-FF81-48D3-8661-9D871EDCDD25}.Release|Any CPU.ActiveCfg = Release|Any CPU
		{7769A3C5-FF81-48D3-8661-9D871EDCDD25}.Release|Any CPU.Build.0 = Release|Any CPU
		{D7EDDD17-F063-494D-BB93-2CAB536C5AED}.Debug|Any CPU.ActiveCfg = Debug|Any CPU
		{D7EDDD17-F063-494D-BB93-2CAB536C5AED}.Debug|Any CPU.Build.0 = Debug|Any CPU
		{D7EDDD17-F063-494D-BB93-2CAB536C5AED}.Release|Any CPU.ActiveCfg = Release|Any CPU
		{D7EDDD17-F063-494D-BB93-2CAB536C5AED}.Release|Any CPU.Build.0 = Release|Any CPU
		{DA003AA0-EC67-49E8-B9DD-19AD39B058CD}.Debug|Any CPU.ActiveCfg = Debug|Any CPU
		{DA003AA0-EC67-49E8-B9DD-19AD39B058CD}.Debug|Any CPU.Build.0 = Debug|Any CPU
		{DA003AA0-EC67-49E8-B9DD-19AD39B058CD}.Release|Any CPU.ActiveCfg = Release|Any CPU
		{DA003AA0-EC67-49E8-B9DD-19AD39B058CD}.Release|Any CPU.Build.0 = Release|Any CPU
	EndGlobalSection
	GlobalSection(SolutionProperties) = preSolution
		HideSolutionNode = FALSE
	EndGlobalSection
	GlobalSection(ExtensibilityGlobals) = postSolution
		SolutionGuid = {AC48EF8A-9C59-4DA9-B4B6-7BB10867104D}
	EndGlobalSection
EndGlobal
